// !$*UTF8*$!
{
	archiveVersion = 1;
	classes = {
	};
	objectVersion = 56;
	objects = {

/* Begin PBXBuildFile section */
		BBA88FA028E36E4500C7B4AE /* StartTabView.swift in Sources */ = {isa = PBXBuildFile; fileRef = BBA88F9F28E36E4500C7B4AE /* StartTabView.swift */; };
		BBA88FA228E36F9800C7B4AE /* Launch Screen.storyboard in Resources */ = {isa = PBXBuildFile; fileRef = BBA88FA128E36F9800C7B4AE /* Launch Screen.storyboard */; };
		BBE3E93728E24F42008B84F3 /* AppEntry.swift in Sources */ = {isa = PBXBuildFile; fileRef = BBE3E93628E24F42008B84F3 /* AppEntry.swift */; };
		BBE3E93928E24F42008B84F3 /* BasicsView.swift in Sources */ = {isa = PBXBuildFile; fileRef = BBE3E93828E24F42008B84F3 /* BasicsView.swift */; };
		BBE3E93B28E24F43008B84F3 /* Assets.xcassets in Resources */ = {isa = PBXBuildFile; fileRef = BBE3E93A28E24F43008B84F3 /* Assets.xcassets */; };
		BBE3E93E28E24F43008B84F3 /* Preview Assets.xcassets in Resources */ = {isa = PBXBuildFile; fileRef = BBE3E93D28E24F43008B84F3 /* Preview Assets.xcassets */; };
		BBE3E94528E254D6008B84F3 /* Wine.swift in Sources */ = {isa = PBXBuildFile; fileRef = BBE3E94428E254D6008B84F3 /* Wine.swift */; };
		BBF9991028E2ADD2004607C9 /* WineView.swift in Sources */ = {isa = PBXBuildFile; fileRef = BBF9990F28E2ADD2004607C9 /* WineView.swift */; };
		BBF9991228E2AFC9004607C9 /* QwamQwmt.jpg in Resources */ = {isa = PBXBuildFile; fileRef = BBF9991128E2AFC9004607C9 /* QwamQwmt.jpg */; };
/* End PBXBuildFile section */

/* Begin PBXFileReference section */
		BBA88F9F28E36E4500C7B4AE /* StartTabView.swift */ = {isa = PBXFileReference; lastKnownFileType = sourcecode.swift; path = StartTabView.swift; sourceTree = "<group>"; };
		BBA88FA128E36F9800C7B4AE /* Launch Screen.storyboard */ = {isa = PBXFileReference; lastKnownFileType = file.storyboard; path = "Launch Screen.storyboard"; sourceTree = "<group>"; };
		BBE3E93328E24F42008B84F3 /* ShareLink Demo.app */ = {isa = PBXFileReference; explicitFileType = wrapper.application; includeInIndex = 0; path = "ShareLink Demo.app"; sourceTree = BUILT_PRODUCTS_DIR; };
		BBE3E93628E24F42008B84F3 /* AppEntry.swift */ = {isa = PBXFileReference; lastKnownFileType = sourcecode.swift; path = AppEntry.swift; sourceTree = "<group>"; };
		BBE3E93828E24F42008B84F3 /* BasicsView.swift */ = {isa = PBXFileReference; lastKnownFileType = sourcecode.swift; path = BasicsView.swift; sourceTree = "<group>"; };
		BBE3E93A28E24F43008B84F3 /* Assets.xcassets */ = {isa = PBXFileReference; lastKnownFileType = folder.assetcatalog; path = Assets.xcassets; sourceTree = "<group>"; };
		BBE3E93D28E24F43008B84F3 /* Preview Assets.xcassets */ = {isa = PBXFileReference; lastKnownFileType = folder.assetcatalog; path = "Preview Assets.xcassets"; sourceTree = "<group>"; };
		BBE3E94428E254D6008B84F3 /* Wine.swift */ = {isa = PBXFileReference; lastKnownFileType = sourcecode.swift; path = Wine.swift; sourceTree = "<group>"; };
		BBF9990F28E2ADD2004607C9 /* WineView.swift */ = {isa = PBXFileReference; lastKnownFileType = sourcecode.swift; path = WineView.swift; sourceTree = "<group>"; };
		BBF9991128E2AFC9004607C9 /* QwamQwmt.jpg */ = {isa = PBXFileReference; lastKnownFileType = image.jpeg; path = QwamQwmt.jpg; sourceTree = "<group>"; };
/* End PBXFileReference section */

/* Begin PBXFrameworksBuildPhase section */
		BBE3E93028E24F42008B84F3 /* Frameworks */ = {
			isa = PBXFrameworksBuildPhase;
			buildActionMask = 2147483647;
			files = (
			);
			runOnlyForDeploymentPostprocessing = 0;
		};
/* End PBXFrameworksBuildPhase section */

/* Begin PBXGroup section */
		BBE3E92A28E24F42008B84F3 = {
			isa = PBXGroup;
			children = (
				BBE3E93528E24F42008B84F3 /* ShareLink Demo */,
				BBE3E93428E24F42008B84F3 /* Products */,
			);
			sourceTree = "<group>";
		};
		BBE3E93428E24F42008B84F3 /* Products */ = {
			isa = PBXGroup;
			children = (
				BBE3E93328E24F42008B84F3 /* ShareLink Demo.app */,
			);
			name = Products;
			sourceTree = "<group>";
		};
		BBE3E93528E24F42008B84F3 /* ShareLink Demo */ = {
			isa = PBXGroup;
			children = (
				BBE3E93628E24F42008B84F3 /* AppEntry.swift */,
				BBA88F9F28E36E4500C7B4AE /* StartTabView.swift */,
				BBE3E93828E24F42008B84F3 /* BasicsView.swift */,
				BBF9990F28E2ADD2004607C9 /* WineView.swift */,
				BBE3E94428E254D6008B84F3 /* Wine.swift */,
				BBF9991128E2AFC9004607C9 /* QwamQwmt.jpg */,
				BBE3E93A28E24F43008B84F3 /* Assets.xcassets */,
				BBE3E93C28E24F43008B84F3 /* Preview Content */,
				BBA88FA128E36F9800C7B4AE /* Launch Screen.storyboard */,
			);
			path = "ShareLink Demo";
			sourceTree = "<group>";
		};
		BBE3E93C28E24F43008B84F3 /* Preview Content */ = {
			isa = PBXGroup;
			children = (
				BBE3E93D28E24F43008B84F3 /* Preview Assets.xcassets */,
			);
			path = "Preview Content";
			sourceTree = "<group>";
		};
/* End PBXGroup section */

/* Begin PBXNativeTarget section */
		BBE3E93228E24F42008B84F3 /* ShareLink Demo */ = {
			isa = PBXNativeTarget;
			buildConfigurationList = BBE3E94128E24F43008B84F3 /* Build configuration list for PBXNativeTarget "ShareLink Demo" */;
			buildPhases = (
				BBE3E92F28E24F42008B84F3 /* Sources */,
				BBE3E93028E24F42008B84F3 /* Frameworks */,
				BBE3E93128E24F42008B84F3 /* Resources */,
			);
			buildRules = (
			);
			dependencies = (
			);
			name = "ShareLink Demo";
			productName = "ShareLink Demo";
			productReference = BBE3E93328E24F42008B84F3 /* ShareLink Demo.app */;
			productType = "com.apple.product-type.application";
		};
/* End PBXNativeTarget section */

/* Begin PBXProject section */
		BBE3E92B28E24F42008B84F3 /* Project object */ = {
			isa = PBXProject;
			attributes = {
				BuildIndependentTargetsInParallel = 1;
				LastSwiftUpdateCheck = 1400;
				LastUpgradeCheck = 1400;
				TargetAttributes = {
					BBE3E93228E24F42008B84F3 = {
						CreatedOnToolsVersion = 14.0;
					};
				};
			};
			buildConfigurationList = BBE3E92E28E24F42008B84F3 /* Build configuration list for PBXProject "ShareLink Demo" */;
			compatibilityVersion = "Xcode 14.0";
			developmentRegion = en;
			hasScannedForEncodings = 0;
			knownRegions = (
				en,
				Base,
			);
			mainGroup = BBE3E92A28E24F42008B84F3;
			productRefGroup = BBE3E93428E24F42008B84F3 /* Products */;
			projectDirPath = "";
			projectRoot = "";
			targets = (
				BBE3E93228E24F42008B84F3 /* ShareLink Demo */,
			);
		};
/* End PBXProject section */

/* Begin PBXResourcesBuildPhase section */
		BBE3E93128E24F42008B84F3 /* Resources */ = {
			isa = PBXResourcesBuildPhase;
			buildActionMask = 2147483647;
			files = (
				BBF9991228E2AFC9004607C9 /* QwamQwmt.jpg in Resources */,
				BBE3E93E28E24F43008B84F3 /* Preview Assets.xcassets in Resources */,
				BBA88FA228E36F9800C7B4AE /* Launch Screen.storyboard in Resources */,
				BBE3E93B28E24F43008B84F3 /* Assets.xcassets in Resources */,
			);
			runOnlyForDeploymentPostprocessing = 0;
		};
/* End PBXResourcesBuildPhase section */

/* Begin PBXSourcesBuildPhase section */
		BBE3E92F28E24F42008B84F3 /* Sources */ = {
			isa = PBXSourcesBuildPhase;
			buildActionMask = 2147483647;
			files = (
				BBE3E93928E24F42008B84F3 /* BasicsView.swift in Sources */,
				BBE3E93728E24F42008B84F3 /* AppEntry.swift in Sources */,
				BBE3E94528E254D6008B84F3 /* Wine.swift in Sources */,
				BBA88FA028E36E4500C7B4AE /* StartTabView.swift in Sources */,
				BBF9991028E2ADD2004607C9 /* WineView.swift in Sources */,
			);
			runOnlyForDeploymentPostprocessing = 0;
		};
/* End PBXSourcesBuildPhase section */

/* Begin XCBuildConfiguration section */
		BBE3E93F28E24F43008B84F3 /* Debug */ = {
			isa = XCBuildConfiguration;
			buildSettings = {
				ALWAYS_SEARCH_USER_PATHS = NO;
				CLANG_ANALYZER_NONNULL = YES;
				CLANG_ANALYZER_NUMBER_OBJECT_CONVERSION = YES_AGGRESSIVE;
				CLANG_CXX_LANGUAGE_STANDARD = "gnu++20";
				CLANG_ENABLE_MODULES = YES;
				CLANG_ENABLE_OBJC_ARC = YES;
				CLANG_ENABLE_OBJC_WEAK = YES;
				CLANG_WARN_BLOCK_CAPTURE_AUTORELEASING = YES;
				CLANG_WARN_BOOL_CONVERSION = YES;
				CLANG_WARN_COMMA = YES;
				CLANG_WARN_CONSTANT_CONVERSION = YES;
				CLANG_WARN_DEPRECATED_OBJC_IMPLEMENTATIONS = YES;
				CLANG_WARN_DIRECT_OBJC_ISA_USAGE = YES_ERROR;
				CLANG_WARN_DOCUMENTATION_COMMENTS = YES;
				CLANG_WARN_EMPTY_BODY = YES;
				CLANG_WARN_ENUM_CONVERSION = YES;
				CLANG_WARN_INFINITE_RECURSION = YES;
				CLANG_WARN_INT_CONVERSION = YES;
				CLANG_WARN_NON_LITERAL_NULL_CONVERSION = YES;
				CLANG_WARN_OBJC_IMPLICIT_RETAIN_SELF = YES;
				CLANG_WARN_OBJC_LITERAL_CONVERSION = YES;
				CLANG_WARN_OBJC_ROOT_CLASS = YES_ERROR;
				CLANG_WARN_QUOTED_INCLUDE_IN_FRAMEWORK_HEADER = YES;
				CLANG_WARN_RANGE_LOOP_ANALYSIS = YES;
				CLANG_WARN_STRICT_PROTOTYPES = YES;
				CLANG_WARN_SUSPICIOUS_MOVE = YES;
				CLANG_WARN_UNGUARDED_AVAILABILITY = YES_AGGRESSIVE;
				CLANG_WARN_UNREACHABLE_CODE = YES;
				CLANG_WARN__DUPLICATE_METHOD_MATCH = YES;
				COPY_PHASE_STRIP = NO;
				DEBUG_INFORMATION_FORMAT = dwarf;
				ENABLE_STRICT_OBJC_MSGSEND = YES;
				ENABLE_TESTABILITY = YES;
				GCC_C_LANGUAGE_STANDARD = gnu11;
				GCC_DYNAMIC_NO_PIC = NO;
				GCC_NO_COMMON_BLOCKS = YES;
				GCC_OPTIMIZATION_LEVEL = 0;
				GCC_PREPROCESSOR_DEFINITIONS = (
					"DEBUG=1",
					"$(inherited)",
				);
				GCC_WARN_64_TO_32_BIT_CONVERSION = YES;
				GCC_WARN_ABOUT_RETURN_TYPE = YES_ERROR;
				GCC_WARN_UNDECLARED_SELECTOR = YES;
				GCC_WARN_UNINITIALIZED_AUTOS = YES_AGGRESSIVE;
				GCC_WARN_UNUSED_FUNCTION = YES;
				GCC_WARN_UNUSED_VARIABLE = YES;
				IPHONEOS_DEPLOYMENT_TARGET = 16.0;
				MTL_ENABLE_DEBUG_INFO = INCLUDE_SOURCE;
				MTL_FAST_MATH = YES;
				ONLY_ACTIVE_ARCH = YES;
				SDKROOT = iphoneos;
				SWIFT_ACTIVE_COMPILATION_CONDITIONS = DEBUG;
				SWIFT_OPTIMIZATION_LEVEL = "-Onone";
			};
			name = Debug;
		};
		BBE3E94028E24F43008B84F3 /* Release */ = {
			isa = XCBuildConfiguration;
			buildSettings = {
				ALWAYS_SEARCH_USER_PATHS = NO;
				CLANG_ANALYZER_NONNULL = YES;
				CLANG_ANALYZER_NUMBER_OBJECT_CONVERSION = YES_AGGRESSIVE;
				CLANG_CXX_LANGUAGE_STANDARD = "gnu++20";
				CLANG_ENABLE_MODULES = YES;
				CLANG_ENABLE_OBJC_ARC = YES;
				CLANG_ENABLE_OBJC_WEAK = YES;
				CLANG_WARN_BLOCK_CAPTURE_AUTORELEASING = YES;
				CLANG_WARN_BOOL_CONVERSION = YES;
				CLANG_WARN_COMMA = YES;
				CLANG_WARN_CONSTANT_CONVERSION = YES;
				CLANG_WARN_DEPRECATED_OBJC_IMPLEMENTATIONS = YES;
				CLANG_WARN_DIRECT_OBJC_ISA_USAGE = YES_ERROR;
				CLANG_WARN_DOCUMENTATION_COMMENTS = YES;
				CLANG_WARN_EMPTY_BODY = YES;
				CLANG_WARN_ENUM_CONVERSION = YES;
				CLANG_WARN_INFINITE_RECURSION = YES;
				CLANG_WARN_INT_CONVERSION = YES;
				CLANG_WARN_NON_LITERAL_NULL_CONVERSION = YES;
				CLANG_WARN_OBJC_IMPLICIT_RETAIN_SELF = YES;
				CLANG_WARN_OBJC_LITERAL_CONVERSION = YES;
				CLANG_WARN_OBJC_ROOT_CLASS = YES_ERROR;
				CLANG_WARN_QUOTED_INCLUDE_IN_FRAMEWORK_HEADER = YES;
				CLANG_WARN_RANGE_LOOP_ANALYSIS = YES;
				CLANG_WARN_STRICT_PROTOTYPES = YES;
				CLANG_WARN_SUSPICIOUS_MOVE = YES;
				CLANG_WARN_UNGUARDED_AVAILABILITY = YES_AGGRESSIVE;
				CLANG_WARN_UNREACHABLE_CODE = YES;
				CLANG_WARN__DUPLICATE_METHOD_MATCH = YES;
				COPY_PHASE_STRIP = NO;
				DEBUG_INFORMATION_FORMAT = "dwarf-with-dsym";
				ENABLE_NS_ASSERTIONS = NO;
				ENABLE_STRICT_OBJC_MSGSEND = YES;
				GCC_C_LANGUAGE_STANDARD = gnu11;
				GCC_NO_COMMON_BLOCKS = YES;
				GCC_WARN_64_TO_32_BIT_CONVERSION = YES;
				GCC_WARN_ABOUT_RETURN_TYPE = YES_ERROR;
				GCC_WARN_UNDECLARED_SELECTOR = YES;
				GCC_WARN_UNINITIALIZED_AUTOS = YES_AGGRESSIVE;
				GCC_WARN_UNUSED_FUNCTION = YES;
				GCC_WARN_UNUSED_VARIABLE = YES;
				IPHONEOS_DEPLOYMENT_TARGET = 16.0;
				MTL_ENABLE_DEBUG_INFO = NO;
				MTL_FAST_MATH = YES;
				SDKROOT = iphoneos;
				SWIFT_COMPILATION_MODE = wholemodule;
				SWIFT_OPTIMIZATION_LEVEL = "-O";
				VALIDATE_PRODUCT = YES;
			};
			name = Release;
		};
		BBE3E94228E24F43008B84F3 /* Debug */ = {
			isa = XCBuildConfiguration;
			buildSettings = {
				ASSETCATALOG_COMPILER_APPICON_NAME = AppIcon;
				ASSETCATALOG_COMPILER_GLOBAL_ACCENT_COLOR_NAME = AccentColor;
				CODE_SIGN_STYLE = Automatic;
				CURRENT_PROJECT_VERSION = 1;
				DEVELOPMENT_ASSET_PATHS = "\"ShareLink Demo/Preview Content\"";
				DEVELOPMENT_TEAM = RKV4UP49S6;
				ENABLE_PREVIEWS = YES;
				GENERATE_INFOPLIST_FILE = YES;
				INFOPLIST_KEY_UIApplicationSceneManifest_Generation = YES;
				INFOPLIST_KEY_UIApplicationSupportsIndirectInputEvents = YES;
				INFOPLIST_KEY_UILaunchScreen_Generation = YES;
				INFOPLIST_KEY_UILaunchStoryboardName = "Launch Screen.storyboard";
				INFOPLIST_KEY_UISupportedInterfaceOrientations = UIInterfaceOrientationPortrait;
				INFOPLIST_KEY_UISupportedInterfaceOrientations_iPad = "UIInterfaceOrientationLandscapeLeft UIInterfaceOrientationLandscapeRight UIInterfaceOrientationPortrait UIInterfaceOrientationPortraitUpsideDown";
				LD_RUNPATH_SEARCH_PATHS = (
					"$(inherited)",
					"@executable_path/Frameworks",
				);
				MARKETING_VERSION = 1.0;
				PRODUCT_BUNDLE_IDENTIFIER = "com.createchsol.ShareLink-Demo";
				PRODUCT_NAME = "$(TARGET_NAME)";
				SWIFT_EMIT_LOC_STRINGS = YES;
				SWIFT_VERSION = 5.0;
				TARGETED_DEVICE_FAMILY = "1,2";
			};
			name = Debug;
		};
		BBE3E94328E24F43008B84F3 /* Release */ = {
			isa = XCBuildConfiguration;
			buildSettings = {
				ASSETCATALOG_COMPILER_APPICON_NAME = AppIcon;
				ASSETCATALOG_COMPILER_GLOBAL_ACCENT_COLOR_NAME = AccentColor;
				CODE_SIGN_STYLE = Automatic;
				CURRENT_PROJECT_VERSION = 1;
				DEVELOPMENT_ASSET_PATHS = "\"ShareLink Demo/Preview Content\"";
				DEVELOPMENT_TEAM = RKV4UP49S6;
				ENABLE_PREVIEWS = YES;
				GENERATE_INFOPLIST_FILE = YES;
				INFOPLIST_KEY_UIApplicationSceneManifest_Generation = YES;
				INFOPLIST_KEY_UIApplicationSupportsIndirectInputEvents = YES;
				INFOPLIST_KEY_UILaunchScreen_Generation = YES;
				INFOPLIST_KEY_UILaunchStoryboardName = "Launch Screen.storyboard";
				INFOPLIST_KEY_UISupportedInterfaceOrientations = UIInterfaceOrientationPortrait;
				INFOPLIST_KEY_UISupportedInterfaceOrientations_iPad = "UIInterfaceOrientationLandscapeLeft UIInterfaceOrientationLandscapeRight UIInterfaceOrientationPortrait UIInterfaceOrientationPortraitUpsideDown";
				LD_RUNPATH_SEARCH_PATHS = (
					"$(inherited)",
					"@executable_path/Frameworks",
				);
				MARKETING_VERSION = 1.0;
				PRODUCT_BUNDLE_IDENTIFIER = "com.createchsol.ShareLink-Demo";
				PRODUCT_NAME = "$(TARGET_NAME)";
				SWIFT_EMIT_LOC_STRINGS = YES;
				SWIFT_VERSION = 5.0;
				TARGETED_DEVICE_FAMILY = "1,2";
			};
			name = Release;
		};
/* End XCBuildConfiguration section */

/* Begin XCConfigurationList section */
		BBE3E92E28E24F42008B84F3 /* Build configuration list for PBXProject "ShareLink Demo" */ = {
			isa = XCConfigurationList;
			buildConfigurations = (
				BBE3E93F28E24F43008B84F3 /* Debug */,
				BBE3E94028E24F43008B84F3 /* Release */,
			);
			defaultConfigurationIsVisible = 0;
			defaultConfigurationName = Release;
		};
		BBE3E94128E24F43008B84F3 /* Build configuration list for PBXNativeTarget "ShareLink Demo" */ = {
			isa = XCConfigurationList;
			buildConfigurations = (
				BBE3E94228E24F43008B84F3 /* Debug */,
				BBE3E94328E24F43008B84F3 /* Release */,
			);
			defaultConfigurationIsVisible = 0;
			defaultConfigurationName = Release;
		};
/* End XCConfigurationList section */
	};
	rootObject = BBE3E92B28E24F42008B84F3 /* Project object */;
}
